
Microsoft Visual Studio Solution File, Format Version 12.00
# Visual Studio Version 16
VisualStudioVersion = 16.0.30406.217
MinimumVisualStudioVersion = 10.0.40219.1
Project("{8BC9CEB8-8B4A-11D0-8D11-00A0C91BC942}") = "computer-network-1", "computer-network\computer-network.vcxproj", "{A51218EA-E297-4F37-8618-73AB623B9DE6}"
EndProject
Project("{8BC9CEB8-8B4A-11D0-8D11-00A0C91BC942}") = "computer-network-2", "computer-network-2\computer-network-2.vcxproj", "{42DAA4E2-48A6-4425-A564-91505B078A3E}"
EndProject
Global
	GlobalSection(SolutionConfigurationPlatforms) = preSolution
		Debug|x64 = Debug|x64
		Debug|x86 = Debug|x86
		Release|x64 = Release|x64
		Release|x86 = Release|x86
	EndGlobalSection
	GlobalSection(ProjectConfigurationPlatforms) = postSolution
		{A51218EA-E297-4F37-8618-73AB623B9DE6}.Debug|x64.ActiveCfg = Debug|x64
		{A51218EA-E297-4F37-8618-73AB623B9DE6}.Debug|x64.Build.0 = Debug|x64
		{A51218EA-E297-4F37-8618-73AB623B9DE6}.Debug|x86.ActiveCfg = Debug|Win32
		{A51218EA-E297-4F37-8618-73AB623B9DE6}.Debug|x86.Build.0 = Debug|Win32
		{A51218EA-E297-4F37-8618-73AB623B9DE6}.Release|x64.ActiveCfg = Release|x64
		{A51218EA-E297-4F37-8618-73AB623B9DE6}.Release|x64.Build.0 = Release|x64
		{A51218EA-E297-4F37-8618-73AB623B9DE6}.Release|x86.ActiveCfg = Release|Win32
		{A51218EA-E297-4F37-8618-73AB623B9DE6}.Release|x86.Build.0 = Release|Win32
		{42DAA4E2-48A6-4425-A564-91505B078A3E}.Debug|x64.ActiveCfg = Debug|x64
		{42DAA4E2-48A6-4425-A564-91505B078A3E}.Debug|x64.Build.0 = Debug|x64
		{42DAA4E2-48A6-4425-A564-91505B078A3E}.Debug|x86.ActiveCfg = Debug|Win32
		{42DAA4E2-48A6-4425-A564-91505B078A3E}.Debug|x86.Build.0 = Debug|Win32
		{42DAA4E2-48A6-4425-A564-91505B078A3E}.Release|x64.ActiveCfg = Release|x64
		{42DAA4E2-48A6-4425-A564-91505B078A3E}.Release|x64.Build.0 = Release|x64
		{42DAA4E2-48A6-4425-A564-91505B078A3E}.Release|x86.ActiveCfg = Release|Win32
		{42DAA4E2-48A6-4425-A564-91505B078A3E}.Release|x86.Build.0 = Release|Win32
	EndGlobalSection
	GlobalSection(SolutionProperties) = preSolution
		HideSolutionNode = FALSE
	EndGlobalSection
	GlobalSection(ExtensibilityGlobals) = postSolution
		SolutionGuid = {44592A2D-EBBB-4A95-9C87-600E4E56C249}
	EndGlobalSection
EndGlobal
